
Microsoft Visual Studio Solution File, Format Version 12.00
# Visual Studio Version 17
VisualStudioVersion = 17.0.32112.339
MinimumVisualStudioVersion = 10.0.40219.1
Project("{FAE04EC0-301F-11D3-BF4B-00C04F79EFBC}") = "Temperatura.ConsoleApp", "Temperatura.ConsoleApp\Temperatura.ConsoleApp.csproj", "{5101FB14-1148-4CD0-A1B0-A924BC9F1989}"
EndProject
Global
	GlobalSection(SolutionConfigurationPlatforms) = preSolution
		Debug|Any CPU = Debug|Any CPU
		Release|Any CPU = Release|Any CPU
	EndGlobalSection
	GlobalSection(ProjectConfigurationPlatforms) = postSolution
		{5101FB14-1148-4CD0-A1B0-A924BC9F1989}.Debug|Any CPU.ActiveCfg = Debug|Any CPU
		{5101FB14-1148-4CD0-A1B0-A924BC9F1989}.Debug|Any CPU.Build.0 = Debug|Any CPU
		{5101FB14-1148-4CD0-A1B0-A924BC9F1989}.Release|Any CPU.ActiveCfg = Release|Any CPU
		{5101FB14-1148-4CD0-A1B0-A924BC9F1989}.Release|Any CPU.Build.0 = Release|Any CPU
	EndGlobalSection
	GlobalSection(SolutionProperties) = preSolution
		HideSolutionNode = FALSE
	EndGlobalSection
	GlobalSection(ExtensibilityGlobals) = postSolution
		SolutionGuid = {571B5216-20A8-4D36-847A-CFEE34124F17}
	EndGlobalSection
EndGlobal
